
Microsoft Visual Studio Solution File, Format Version 12.00
# Visual Studio 15
VisualStudioVersion = 15.0.26124.0
MinimumVisualStudioVersion = 15.0.26124.0
Project("{FAE04EC0-301F-11D3-BF4B-00C04F79EFBC}") = "TestFunction2", "src\TestFunction2.csproj", "{06FB52F0-CA2B-4EA7-9C3F-B48F5BC0AF54}"
EndProject
Project("{FAE04EC0-301F-11D3-BF4B-00C04F79EFBC}") = "TestFunction2.Dependencies", "dependencies\TestFunction2.Dependencies.csproj", "{726E0176-DBB0-415C-A626-69927B05F5B5}"
EndProject
Project("{FAE04EC0-301F-11D3-BF4B-00C04F79EFBC}") = "TestFunction2.Tests", "test\TestFunction2.Tests.csproj", "{C41B6890-F05D-435C-AE44-8C90CBB30AF4}"
EndProject
Global
	GlobalSection(SolutionConfigurationPlatforms) = preSolution
		Debug|Any CPU = Debug|Any CPU
		Debug|x64 = Debug|x64
		Debug|x86 = Debug|x86
		Release|Any CPU = Release|Any CPU
		Release|x64 = Release|x64
		Release|x86 = Release|x86
	EndGlobalSection
	GlobalSection(SolutionProperties) = preSolution
		HideSolutionNode = FALSE
	EndGlobalSection
	GlobalSection(ProjectConfigurationPlatforms) = postSolution
		{06FB52F0-CA2B-4EA7-9C3F-B48F5BC0AF54}.Debug|Any CPU.ActiveCfg = Debug|Any CPU
		{06FB52F0-CA2B-4EA7-9C3F-B48F5BC0AF54}.Debug|Any CPU.Build.0 = Debug|Any CPU
		{06FB52F0-CA2B-4EA7-9C3F-B48F5BC0AF54}.Debug|x64.ActiveCfg = Debug|Any CPU
		{06FB52F0-CA2B-4EA7-9C3F-B48F5BC0AF54}.Debug|x64.Build.0 = Debug|Any CPU
		{06FB52F0-CA2B-4EA7-9C3F-B48F5BC0AF54}.Debug|x86.ActiveCfg = Debug|Any CPU
		{06FB52F0-CA2B-4EA7-9C3F-B48F5BC0AF54}.Debug|x86.Build.0 = Debug|Any CPU
		{06FB52F0-CA2B-4EA7-9C3F-B48F5BC0AF54}.Release|Any CPU.ActiveCfg = Release|Any CPU
		{06FB52F0-CA2B-4EA7-9C3F-B48F5BC0AF54}.Release|Any CPU.Build.0 = Release|Any CPU
		{06FB52F0-CA2B-4EA7-9C3F-B48F5BC0AF54}.Release|x64.ActiveCfg = Release|Any CPU
		{06FB52F0-CA2B-4EA7-9C3F-B48F5BC0AF54}.Release|x64.Build.0 = Release|Any CPU
		{06FB52F0-CA2B-4EA7-9C3F-B48F5BC0AF54}.Release|x86.ActiveCfg = Release|Any CPU
		{06FB52F0-CA2B-4EA7-9C3F-B48F5BC0AF54}.Release|x86.Build.0 = Release|Any CPU
		{726E0176-DBB0-415C-A626-69927B05F5B5}.Debug|Any CPU.ActiveCfg = Debug|Any CPU
		{726E0176-DBB0-415C-A626-69927B05F5B5}.Debug|Any CPU.Build.0 = Debug|Any CPU
		{726E0176-DBB0-415C-A626-69927B05F5B5}.Debug|x64.ActiveCfg = Debug|Any CPU
		{726E0176-DBB0-415C-A626-69927B05F5B5}.Debug|x64.Build.0 = Debug|Any CPU
		{726E0176-DBB0-415C-A626-69927B05F5B5}.Debug|x86.ActiveCfg = Debug|Any CPU
		{726E0176-DBB0-415C-A626-69927B05F5B5}.Debug|x86.Build.0 = Debug|Any CPU
		{726E0176-DBB0-415C-A626-69927B05F5B5}.Release|Any CPU.ActiveCfg = Release|Any CPU
		{726E0176-DBB0-415C-A626-69927B05F5B5}.Release|Any CPU.Build.0 = Release|Any CPU
		{726E0176-DBB0-415C-A626-69927B05F5B5}.Release|x64.ActiveCfg = Release|Any CPU
		{726E0176-DBB0-415C-A626-69927B05F5B5}.Release|x64.Build.0 = Release|Any CPU
		{726E0176-DBB0-415C-A626-69927B05F5B5}.Release|x86.ActiveCfg = Release|Any CPU
		{726E0176-DBB0-415C-A626-69927B05F5B5}.Release|x86.Build.0 = Release|Any CPU
		{C41B6890-F05D-435C-AE44-8C90CBB30AF4}.Debug|Any CPU.ActiveCfg = Debug|Any CPU
		{C41B6890-F05D-435C-AE44-8C90CBB30AF4}.Debug|Any CPU.Build.0 = Debug|Any CPU
		{C41B6890-F05D-435C-AE44-8C90CBB30AF4}.Debug|x64.ActiveCfg = Debug|Any CPU
		{C41B6890-F05D-435C-AE44-8C90CBB30AF4}.Debug|x64.Build.0 = Debug|Any CPU
		{C41B6890-F05D-435C-AE44-8C90CBB30AF4}.Debug|x86.ActiveCfg = Debug|Any CPU
		{C41B6890-F05D-435C-AE44-8C90CBB30AF4}.Debug|x86.Build.0 = Debug|Any CPU
		{C41B6890-F05D-435C-AE44-8C90CBB30AF4}.Release|Any CPU.ActiveCfg = Release|Any CPU
		{C41B6890-F05D-435C-AE44-8C90CBB30AF4}.Release|Any CPU.Build.0 = Release|Any CPU
		{C41B6890-F05D-435C-AE44-8C90CBB30AF4}.Release|x64.ActiveCfg = Release|Any CPU
		{C41B6890-F05D-435C-AE44-8C90CBB30AF4}.Release|x64.Build.0 = Release|Any CPU
		{C41B6890-F05D-435C-AE44-8C90CBB30AF4}.Release|x86.ActiveCfg = Release|Any CPU
		{C41B6890-F05D-435C-AE44-8C90CBB30AF4}.Release|x86.Build.0 = Release|Any CPU
	EndGlobalSection
EndGlobal
