
Microsoft Visual Studio Solution File, Format Version 12.00
# Visual Studio 15
VisualStudioVersion = 15.0.26124.0
MinimumVisualStudioVersion = 15.0.26124.0
Project("{FAE04EC0-301F-11D3-BF4B-00C04F79EFBC}") = "FacadeByEnvelopeNew", "src\FacadeByEnvelopeNew.csproj", "{B8B59EC5-C016-428E-9918-C4C08D7600DA}"
EndProject
Project("{FAE04EC0-301F-11D3-BF4B-00C04F79EFBC}") = "FacadeByEnvelopeNew.Dependencies", "dependencies\FacadeByEnvelopeNew.Dependencies.csproj", "{DD8507FC-5DEC-40D2-A0C4-A14EC274BDDB}"
EndProject
Project("{FAE04EC0-301F-11D3-BF4B-00C04F79EFBC}") = "FacadeByEnvelopeNew.Tests", "test\FacadeByEnvelopeNew.Tests.csproj", "{ECD182EE-C432-4BC0-9A61-793F82055A0F}"
EndProject
Global
	GlobalSection(SolutionConfigurationPlatforms) = preSolution
		Debug|Any CPU = Debug|Any CPU
		Debug|x64 = Debug|x64
		Debug|x86 = Debug|x86
		Release|Any CPU = Release|Any CPU
		Release|x64 = Release|x64
		Release|x86 = Release|x86
	EndGlobalSection
	GlobalSection(SolutionProperties) = preSolution
		HideSolutionNode = FALSE
	EndGlobalSection
	GlobalSection(ProjectConfigurationPlatforms) = postSolution
		{B8B59EC5-C016-428E-9918-C4C08D7600DA}.Debug|Any CPU.ActiveCfg = Debug|Any CPU
		{B8B59EC5-C016-428E-9918-C4C08D7600DA}.Debug|Any CPU.Build.0 = Debug|Any CPU
		{B8B59EC5-C016-428E-9918-C4C08D7600DA}.Debug|x64.ActiveCfg = Debug|Any CPU
		{B8B59EC5-C016-428E-9918-C4C08D7600DA}.Debug|x64.Build.0 = Debug|Any CPU
		{B8B59EC5-C016-428E-9918-C4C08D7600DA}.Debug|x86.ActiveCfg = Debug|Any CPU
		{B8B59EC5-C016-428E-9918-C4C08D7600DA}.Debug|x86.Build.0 = Debug|Any CPU
		{B8B59EC5-C016-428E-9918-C4C08D7600DA}.Release|Any CPU.ActiveCfg = Release|Any CPU
		{B8B59EC5-C016-428E-9918-C4C08D7600DA}.Release|Any CPU.Build.0 = Release|Any CPU
		{B8B59EC5-C016-428E-9918-C4C08D7600DA}.Release|x64.ActiveCfg = Release|Any CPU
		{B8B59EC5-C016-428E-9918-C4C08D7600DA}.Release|x64.Build.0 = Release|Any CPU
		{B8B59EC5-C016-428E-9918-C4C08D7600DA}.Release|x86.ActiveCfg = Release|Any CPU
		{B8B59EC5-C016-428E-9918-C4C08D7600DA}.Release|x86.Build.0 = Release|Any CPU
		{DD8507FC-5DEC-40D2-A0C4-A14EC274BDDB}.Debug|Any CPU.ActiveCfg = Debug|Any CPU
		{DD8507FC-5DEC-40D2-A0C4-A14EC274BDDB}.Debug|Any CPU.Build.0 = Debug|Any CPU
		{DD8507FC-5DEC-40D2-A0C4-A14EC274BDDB}.Debug|x64.ActiveCfg = Debug|Any CPU
		{DD8507FC-5DEC-40D2-A0C4-A14EC274BDDB}.Debug|x64.Build.0 = Debug|Any CPU
		{DD8507FC-5DEC-40D2-A0C4-A14EC274BDDB}.Debug|x86.ActiveCfg = Debug|Any CPU
		{DD8507FC-5DEC-40D2-A0C4-A14EC274BDDB}.Debug|x86.Build.0 = Debug|Any CPU
		{DD8507FC-5DEC-40D2-A0C4-A14EC274BDDB}.Release|Any CPU.ActiveCfg = Release|Any CPU
		{DD8507FC-5DEC-40D2-A0C4-A14EC274BDDB}.Release|Any CPU.Build.0 = Release|Any CPU
		{DD8507FC-5DEC-40D2-A0C4-A14EC274BDDB}.Release|x64.ActiveCfg = Release|Any CPU
		{DD8507FC-5DEC-40D2-A0C4-A14EC274BDDB}.Release|x64.Build.0 = Release|Any CPU
		{DD8507FC-5DEC-40D2-A0C4-A14EC274BDDB}.Release|x86.ActiveCfg = Release|Any CPU
		{DD8507FC-5DEC-40D2-A0C4-A14EC274BDDB}.Release|x86.Build.0 = Release|Any CPU
		{ECD182EE-C432-4BC0-9A61-793F82055A0F}.Debug|Any CPU.ActiveCfg = Debug|Any CPU
		{ECD182EE-C432-4BC0-9A61-793F82055A0F}.Debug|Any CPU.Build.0 = Debug|Any CPU
		{ECD182EE-C432-4BC0-9A61-793F82055A0F}.Debug|x64.ActiveCfg = Debug|Any CPU
		{ECD182EE-C432-4BC0-9A61-793F82055A0F}.Debug|x64.Build.0 = Debug|Any CPU
		{ECD182EE-C432-4BC0-9A61-793F82055A0F}.Debug|x86.ActiveCfg = Debug|Any CPU
		{ECD182EE-C432-4BC0-9A61-793F82055A0F}.Debug|x86.Build.0 = Debug|Any CPU
		{ECD182EE-C432-4BC0-9A61-793F82055A0F}.Release|Any CPU.ActiveCfg = Release|Any CPU
		{ECD182EE-C432-4BC0-9A61-793F82055A0F}.Release|Any CPU.Build.0 = Release|Any CPU
		{ECD182EE-C432-4BC0-9A61-793F82055A0F}.Release|x64.ActiveCfg = Release|Any CPU
		{ECD182EE-C432-4BC0-9A61-793F82055A0F}.Release|x64.Build.0 = Release|Any CPU
		{ECD182EE-C432-4BC0-9A61-793F82055A0F}.Release|x86.ActiveCfg = Release|Any CPU
		{ECD182EE-C432-4BC0-9A61-793F82055A0F}.Release|x86.Build.0 = Release|Any CPU
	EndGlobalSection
EndGlobal
